
Microsoft Visual Studio Solution File, Format Version 12.00
# Visual Studio Version 17
VisualStudioVersion = 17.7.34031.279
MinimumVisualStudioVersion = 10.0.40219.1
Project("{FAE04EC0-301F-11D3-BF4B-00C04F79EFBC}") = "CustomerProject", "CustomerProject\CustomerProject.csproj", "{10A3627E-4BF2-47B8-818E-F54DB79CCF8A}"
EndProject
Project("{FAE04EC0-301F-11D3-BF4B-00C04F79EFBC}") = "MovieProject", "MovieProject\MovieProject.csproj", "{961C7923-4B25-4A62-874D-D2A387B59585}"
EndProject
Global
	GlobalSection(SolutionConfigurationPlatforms) = preSolution
		Debug|Any CPU = Debug|Any CPU
		Release|Any CPU = Release|Any CPU
	EndGlobalSection
	GlobalSection(ProjectConfigurationPlatforms) = postSolution
		{10A3627E-4BF2-47B8-818E-F54DB79CCF8A}.Debug|Any CPU.ActiveCfg = Debug|Any CPU
		{10A3627E-4BF2-47B8-818E-F54DB79CCF8A}.Debug|Any CPU.Build.0 = Debug|Any CPU
		{10A3627E-4BF2-47B8-818E-F54DB79CCF8A}.Release|Any CPU.ActiveCfg = Release|Any CPU
		{10A3627E-4BF2-47B8-818E-F54DB79CCF8A}.Release|Any CPU.Build.0 = Release|Any CPU
		{961C7923-4B25-4A62-874D-D2A387B59585}.Debug|Any CPU.ActiveCfg = Debug|Any CPU
		{961C7923-4B25-4A62-874D-D2A387B59585}.Debug|Any CPU.Build.0 = Debug|Any CPU
		{961C7923-4B25-4A62-874D-D2A387B59585}.Release|Any CPU.ActiveCfg = Release|Any CPU
		{961C7923-4B25-4A62-874D-D2A387B59585}.Release|Any CPU.Build.0 = Release|Any CPU
	EndGlobalSection
	GlobalSection(SolutionProperties) = preSolution
		HideSolutionNode = FALSE
	EndGlobalSection
	GlobalSection(ExtensibilityGlobals) = postSolution
		SolutionGuid = {BBFF29A4-7765-4974-BBE5-DA0F85D49A10}
	EndGlobalSection
EndGlobal
